// !$*UTF8*$!
{
	archiveVersion = 1;
	classes = {
	};
	objectVersion = 46;
	objects = {

/* Begin PBXBuildFile section */
		14BC34F71541643700BE4FA1 /* UIKit.framework in Frameworks */ = {isa = PBXBuildFile; fileRef = 14BC34F61541643700BE4FA1 /* UIKit.framework */; };
		14BC34F91541643700BE4FA1 /* Foundation.framework in Frameworks */ = {isa = PBXBuildFile; fileRef = 14BC34F81541643700BE4FA1 /* Foundation.framework */; };
		14BC34FB1541643700BE4FA1 /* CoreGraphics.framework in Frameworks */ = {isa = PBXBuildFile; fileRef = 14BC34FA1541643700BE4FA1 /* CoreGraphics.framework */; };
		14BC35231541643700BE4FA1 /* SenTestingKit.framework in Frameworks */ = {isa = PBXBuildFile; fileRef = 14BC35221541643700BE4FA1 /* SenTestingKit.framework */; };
		14BC35241541643700BE4FA1 /* UIKit.framework in Frameworks */ = {isa = PBXBuildFile; fileRef = 14BC34F61541643700BE4FA1 /* UIKit.framework */; };
		14BC35251541643700BE4FA1 /* Foundation.framework in Frameworks */ = {isa = PBXBuildFile; fileRef = 14BC34F81541643700BE4FA1 /* Foundation.framework */; };
		14BC352D1541643700BE4FA1 /* InfoPlist.strings in Resources */ = {isa = PBXBuildFile; fileRef = 14BC352B1541643700BE4FA1 /* InfoPlist.strings */; };
		14BC35301541643800BE4FA1 /* PapaTests.m in Sources */ = {isa = PBXBuildFile; fileRef = 14BC352F1541643800BE4FA1 /* PapaTests.m */; };
		14BC35AC154170F000BE4FA1 /* main.m in Sources */ = {isa = PBXBuildFile; fileRef = 14BC357F154170F000BE4FA1 /* main.m */; };
		14BC35AD154170F000BE4FA1 /* main.m in Sources */ = {isa = PBXBuildFile; fileRef = 14BC357F154170F000BE4FA1 /* main.m */; };
		14BC4EE61541733700BE4FA1 /* PPAppDelegate.m in Sources */ = {isa = PBXBuildFile; fileRef = 14BC4EE51541733700BE4FA1 /* PPAppDelegate.m */; };
		14BC4EE71541733700BE4FA1 /* PPAppDelegate.m in Sources */ = {isa = PBXBuildFile; fileRef = 14BC4EE51541733700BE4FA1 /* PPAppDelegate.m */; };
		14BC4EED154173F800BE4FA1 /* PPFirstViewController.m in Sources */ = {isa = PBXBuildFile; fileRef = 14BC4EEA154173F800BE4FA1 /* PPFirstViewController.m */; };
		14BC4EEE154173F800BE4FA1 /* PPFirstViewController.m in Sources */ = {isa = PBXBuildFile; fileRef = 14BC4EEA154173F800BE4FA1 /* PPFirstViewController.m */; };
		14BC4EEF154173F800BE4FA1 /* PPSecondViewController.m in Sources */ = {isa = PBXBuildFile; fileRef = 14BC4EEC154173F800BE4FA1 /* PPSecondViewController.m */; };
		14BC4EF0154173F800BE4FA1 /* PPSecondViewController.m in Sources */ = {isa = PBXBuildFile; fileRef = 14BC4EEC154173F800BE4FA1 /* PPSecondViewController.m */; };
		14BC4F26154175A300BE4FA1 /* first.png in Resources */ = {isa = PBXBuildFile; fileRef = 14BC4F1B154175A300BE4FA1 /* first.png */; };
		14BC4F27154175A300BE4FA1 /* first.png in Resources */ = {isa = PBXBuildFile; fileRef = 14BC4F1B154175A300BE4FA1 /* first.png */; };
		14BC4F28154175A300BE4FA1 /* first@2x.png in Resources */ = {isa = PBXBuildFile; fileRef = 14BC4F1C154175A300BE4FA1 /* first@2x.png */; };
		14BC4F29154175A300BE4FA1 /* first@2x.png in Resources */ = {isa = PBXBuildFile; fileRef = 14BC4F1C154175A300BE4FA1 /* first@2x.png */; };
		14BC4F2A154175A300BE4FA1 /* second.png in Resources */ = {isa = PBXBuildFile; fileRef = 14BC4F1D154175A300BE4FA1 /* second.png */; };
		14BC4F2B154175A300BE4FA1 /* second.png in Resources */ = {isa = PBXBuildFile; fileRef = 14BC4F1D154175A300BE4FA1 /* second.png */; };
		14BC4F2C154175A300BE4FA1 /* second@2x.png in Resources */ = {isa = PBXBuildFile; fileRef = 14BC4F1E154175A300BE4FA1 /* second@2x.png */; };
		14BC4F2D154175A300BE4FA1 /* second@2x.png in Resources */ = {isa = PBXBuildFile; fileRef = 14BC4F1E154175A300BE4FA1 /* second@2x.png */; };
		14BC4F2E154175A300BE4FA1 /* Papa-Info.plist in Resources */ = {isa = PBXBuildFile; fileRef = 14BC4F1F154175A300BE4FA1 /* Papa-Info.plist */; };
		14BC4F2F154175A300BE4FA1 /* Papa-Info.plist in Resources */ = {isa = PBXBuildFile; fileRef = 14BC4F1F154175A300BE4FA1 /* Papa-Info.plist */; };
		14BC4F331541777C00BE4FA1 /* PPFirstViewController.xib in Resources */ = {isa = PBXBuildFile; fileRef = 14BC4F311541777C00BE4FA1 /* PPFirstViewController.xib */; };
		14BC4F341541777C00BE4FA1 /* PPFirstViewController.xib in Resources */ = {isa = PBXBuildFile; fileRef = 14BC4F311541777C00BE4FA1 /* PPFirstViewController.xib */; };
		14BC4F351541777C00BE4FA1 /* PPSecondViewController.xib in Resources */ = {isa = PBXBuildFile; fileRef = 14BC4F321541777C00BE4FA1 /* PPSecondViewController.xib */; };
		14BC4F361541777C00BE4FA1 /* PPSecondViewController.xib in Resources */ = {isa = PBXBuildFile; fileRef = 14BC4F321541777C00BE4FA1 /* PPSecondViewController.xib */; };
		14BC4F3A1541779A00BE4FA1 /* File.strings in Resources */ = {isa = PBXBuildFile; fileRef = 14BC4F3D1541779A00BE4FA1 /* File.strings */; };
		14BC4F3B1541779A00BE4FA1 /* File.strings in Resources */ = {isa = PBXBuildFile; fileRef = 14BC4F3D1541779A00BE4FA1 /* File.strings */; };
		32005DD2DD4BE82AFAA88C85 /* libextThree20JSON+YAJL.a in Frameworks */ = {isa = PBXBuildFile; fileRef = 32005DD2DD4BE82AFAA88C84 /* libextThree20JSON+YAJL.a */; };
		3201088596B4756681693705 /* libThree20UICommon.a in Frameworks */ = {isa = PBXBuildFile; fileRef = 3201088596B4756681693704 /* libThree20UICommon.a */; };
		320A2827FEC940B25BC42C65 /* libThree20Core.a in Frameworks */ = {isa = PBXBuildFile; fileRef = 320A2827FEC940B25BC42C64 /* libThree20Core.a */; };
		320A5A189C235877202780D5 /* libThree20Network.a in Frameworks */ = {isa = PBXBuildFile; fileRef = 320A5A189C235877202780D4 /* libThree20Network.a */; };
		320A737074758E53BA54BE95 /* libThree20UINavigator.a in Frameworks */ = {isa = PBXBuildFile; fileRef = 320A737074758E53BA54BE94 /* libThree20UINavigator.a */; };
		320AF8492C47A4D819F7C451 /* QuartzCore.framework in Frameworks */ = {isa = PBXBuildFile; fileRef = 320AF8492C47A4D819F7C450 /* QuartzCore.framework */; };
		320B6C86F11D9990244A9731 /* Three20.bundle in Resources */ = {isa = PBXBuildFile; fileRef = 320B6C86F11D9990244A9730 /* Three20.bundle */; };
		320CC833B8AF0ACFD35E6225 /* libThree20Style.a in Frameworks */ = {isa = PBXBuildFile; fileRef = 320CC833B8AF0ACFD35E6224 /* libThree20Style.a */; };
		320D7DCCE32703ACAB9A45E5 /* libThree20.a in Frameworks */ = {isa = PBXBuildFile; fileRef = 320D7DCCE32703ACAB9A45E4 /* libThree20.a */; };
		320F2C48872C2E2C4DF86205 /* libThree20UI.a in Frameworks */ = {isa = PBXBuildFile; fileRef = 320F2C48872C2E2C4DF86204 /* libThree20UI.a */; };
/* End PBXBuildFile section */

/* Begin PBXContainerItemProxy section */
		14BC35261541643700BE4FA1 /* PBXContainerItemProxy */ = {
			isa = PBXContainerItemProxy;
			containerPortal = 14BC34E91541643700BE4FA1 /* Project object */;
			proxyType = 1;
			remoteGlobalIDString = 14BC34F11541643700BE4FA1;
			remoteInfo = Papa;
		};
		14EF3CE31541860C006B3ADC /* PBXContainerItemProxy */ = {
			isa = PBXContainerItemProxy;
			containerPortal = 32005DD2DD4BE82AFAA88C80 /* extThree20JSON.xcodeproj */;
			proxyType = 2;
			remoteGlobalIDString = BEF31F3A0F352DF5000DE5D2;
			remoteInfo = "extThree20JSON+SBJSON";
		};
		14EF3CE51541860C006B3ADC /* PBXContainerItemProxy */ = {
			isa = PBXContainerItemProxy;
			containerPortal = 32005DD2DD4BE82AFAA88C80 /* extThree20JSON.xcodeproj */;
			proxyType = 2;
			remoteGlobalIDString = EB9E6C6210B6A8F800DE563C;
			remoteInfo = "extThree20JSONUnitTests+SBJSON";
		};
		14EF3CE81541860C006B3ADC /* PBXContainerItemProxy */ = {
			isa = PBXContainerItemProxy;
			containerPortal = 320D7DCCE32703ACAB9A45E0 /* Three20.xcodeproj */;
			proxyType = 2;
			remoteGlobalIDString = EB9E6C6210B6A8F800DE563C;
			remoteInfo = Three20UnitTests;
		};
		14EF3CEB1541860C006B3ADC /* PBXContainerItemProxy */ = {
			isa = PBXContainerItemProxy;
			containerPortal = 320A2827FEC940B25BC42C60 /* Three20Core.xcodeproj */;
			proxyType = 2;
			remoteGlobalIDString = EB9E6C6210B6A8F800DE563C;
			remoteInfo = Three20CoreUnitTests;
		};
		14EF3CEE1541860C006B3ADC /* PBXContainerItemProxy */ = {
			isa = PBXContainerItemProxy;
			containerPortal = 320A5A189C235877202780D0 /* Three20Network.xcodeproj */;
			proxyType = 2;
			remoteGlobalIDString = EB9E6C6210B6A8F800DE563C;
			remoteInfo = Three20NetworkUnitTests;
		};
		14EF3CF11541860C006B3ADC /* PBXContainerItemProxy */ = {
			isa = PBXContainerItemProxy;
			containerPortal = 320CC833B8AF0ACFD35E6220 /* Three20Style.xcodeproj */;
			proxyType = 2;
			remoteGlobalIDString = EB9E6C6210B6A8F800DE563C;
			remoteInfo = Three20StyleUnitTests;
		};
		14EF3CF41541860C006B3ADC /* PBXContainerItemProxy */ = {
			isa = PBXContainerItemProxy;
			containerPortal = 320F2C48872C2E2C4DF86200 /* Three20UI.xcodeproj */;
			proxyType = 2;
			remoteGlobalIDString = EB9E6C6210B6A8F800DE563C;
			remoteInfo = Three20UIUnitTests;
		};
		14EF3CF71541860C006B3ADC /* PBXContainerItemProxy */ = {
			isa = PBXContainerItemProxy;
			containerPortal = 3201088596B4756681693700 /* Three20UICommon.xcodeproj */;
			proxyType = 2;
			remoteGlobalIDString = EB9E6C6210B6A8F800DE563C;
			remoteInfo = Three20UICommonUnitTests;
		};
		14EF3CFA1541860C006B3ADC /* PBXContainerItemProxy */ = {
			isa = PBXContainerItemProxy;
			containerPortal = 320A737074758E53BA54BE90 /* Three20UINavigator.xcodeproj */;
			proxyType = 2;
			remoteGlobalIDString = EB9E6C6210B6A8F800DE563C;
			remoteInfo = Three20UINavigatorUnitTests;
		};
		32005DD2DD4BE82AFAA88C82 /* PBXContainerItemProxy */ = {
			isa = PBXContainerItemProxy;
			containerPortal = 32005DD2DD4BE82AFAA88C80 /* extThree20JSON.xcodeproj */;
			proxyType = 1;
			remoteGlobalIDString = 6E645BA31187751200F08CB1;
			remoteInfo = extThree20JSON;
		};
		32005DD2DD4BE82AFAA88C86 /* PBXContainerItemProxy */ = {
			isa = PBXContainerItemProxy;
			containerPortal = 32005DD2DD4BE82AFAA88C80 /* extThree20JSON.xcodeproj */;
			proxyType = 2;
			remoteGlobalIDString = 6E645BD91187751200F08CB1;
			remoteInfo = extThree20JSON;
		};
		3201088596B4756681693702 /* PBXContainerItemProxy */ = {
			isa = PBXContainerItemProxy;
			containerPortal = 3201088596B4756681693700 /* Three20UICommon.xcodeproj */;
			proxyType = 1;
			remoteGlobalIDString = BEF31F390F352DF5000DE5D2;
			remoteInfo = Three20UICommon;
		};
		3201088596B4756681693706 /* PBXContainerItemProxy */ = {
			isa = PBXContainerItemProxy;
			containerPortal = 3201088596B4756681693700 /* Three20UICommon.xcodeproj */;
			proxyType = 2;
			remoteGlobalIDString = BEF31F3A0F352DF5000DE5D2;
			remoteInfo = Three20UICommon;
		};
		320A2827FEC940B25BC42C62 /* PBXContainerItemProxy */ = {
			isa = PBXContainerItemProxy;
			containerPortal = 320A2827FEC940B25BC42C60 /* Three20Core.xcodeproj */;
			proxyType = 1;
			remoteGlobalIDString = BEF31F390F352DF5000DE5D2;
			remoteInfo = Three20Core;
		};
		320A2827FEC940B25BC42C66 /* PBXContainerItemProxy */ = {
			isa = PBXContainerItemProxy;
			containerPortal = 320A2827FEC940B25BC42C60 /* Three20Core.xcodeproj */;
			proxyType = 2;
			remoteGlobalIDString = BEF31F3A0F352DF5000DE5D2;
			remoteInfo = Three20Core;
		};
		320A5A189C235877202780D2 /* PBXContainerItemProxy */ = {
			isa = PBXContainerItemProxy;
			containerPortal = 320A5A189C235877202780D0 /* Three20Network.xcodeproj */;
			proxyType = 1;
			remoteGlobalIDString = BEF31F390F352DF5000DE5D2;
			remoteInfo = Three20Network;
		};
		320A5A189C235877202780D6 /* PBXContainerItemProxy */ = {
			isa = PBXContainerItemProxy;
			containerPortal = 320A5A189C235877202780D0 /* Three20Network.xcodeproj */;
			proxyType = 2;
			remoteGlobalIDString = BEF31F3A0F352DF5000DE5D2;
			remoteInfo = Three20Network;
		};
		320A737074758E53BA54BE92 /* PBXContainerItemProxy */ = {
			isa = PBXContainerItemProxy;
			containerPortal = 320A737074758E53BA54BE90 /* Three20UINavigator.xcodeproj */;
			proxyType = 1;
			remoteGlobalIDString = BEF31F390F352DF5000DE5D2;
			remoteInfo = Three20UINavigator;
		};
		320A737074758E53BA54BE96 /* PBXContainerItemProxy */ = {
			isa = PBXContainerItemProxy;
			containerPortal = 320A737074758E53BA54BE90 /* Three20UINavigator.xcodeproj */;
			proxyType = 2;
			remoteGlobalIDString = BEF31F3A0F352DF5000DE5D2;
			remoteInfo = Three20UINavigator;
		};
		320CC833B8AF0ACFD35E6222 /* PBXContainerItemProxy */ = {
			isa = PBXContainerItemProxy;
			containerPortal = 320CC833B8AF0ACFD35E6220 /* Three20Style.xcodeproj */;
			proxyType = 1;
			remoteGlobalIDString = BEF31F390F352DF5000DE5D2;
			remoteInfo = Three20Style;
		};
		320CC833B8AF0ACFD35E6226 /* PBXContainerItemProxy */ = {
			isa = PBXContainerItemProxy;
			containerPortal = 320CC833B8AF0ACFD35E6220 /* Three20Style.xcodeproj */;
			proxyType = 2;
			remoteGlobalIDString = BEF31F3A0F352DF5000DE5D2;
			remoteInfo = Three20Style;
		};
		320D7DCCE32703ACAB9A45E2 /* PBXContainerItemProxy */ = {
			isa = PBXContainerItemProxy;
			containerPortal = 320D7DCCE32703ACAB9A45E0 /* Three20.xcodeproj */;
			proxyType = 1;
			remoteGlobalIDString = BEF31F390F352DF5000DE5D2;
			remoteInfo = Three20;
		};
		320D7DCCE32703ACAB9A45E6 /* PBXContainerItemProxy */ = {
			isa = PBXContainerItemProxy;
			containerPortal = 320D7DCCE32703ACAB9A45E0 /* Three20.xcodeproj */;
			proxyType = 2;
			remoteGlobalIDString = BEF31F3A0F352DF5000DE5D2;
			remoteInfo = Three20;
		};
		320F2C48872C2E2C4DF86202 /* PBXContainerItemProxy */ = {
			isa = PBXContainerItemProxy;
			containerPortal = 320F2C48872C2E2C4DF86200 /* Three20UI.xcodeproj */;
			proxyType = 1;
			remoteGlobalIDString = BEF31F390F352DF5000DE5D2;
			remoteInfo = Three20UI;
		};
		320F2C48872C2E2C4DF86206 /* PBXContainerItemProxy */ = {
			isa = PBXContainerItemProxy;
			containerPortal = 320F2C48872C2E2C4DF86200 /* Three20UI.xcodeproj */;
			proxyType = 2;
			remoteGlobalIDString = BEF31F3A0F352DF5000DE5D2;
			remoteInfo = Three20UI;
		};
/* End PBXContainerItemProxy section */

/* Begin PBXFileReference section */
		14BC34F21541643700BE4FA1 /* Papa.app */ = {isa = PBXFileReference; explicitFileType = wrapper.application; includeInIndex = 0; path = Papa.app; sourceTree = BUILT_PRODUCTS_DIR; };
		14BC34F61541643700BE4FA1 /* UIKit.framework */ = {isa = PBXFileReference; lastKnownFileType = wrapper.framework; name = UIKit.framework; path = System/Library/Frameworks/UIKit.framework; sourceTree = SDKROOT; };
		14BC34F81541643700BE4FA1 /* Foundation.framework */ = {isa = PBXFileReference; lastKnownFileType = wrapper.framework; name = Foundation.framework; path = System/Library/Frameworks/Foundation.framework; sourceTree = SDKROOT; };
		14BC34FA1541643700BE4FA1 /* CoreGraphics.framework */ = {isa = PBXFileReference; lastKnownFileType = wrapper.framework; name = CoreGraphics.framework; path = System/Library/Frameworks/CoreGraphics.framework; sourceTree = SDKROOT; };
		14BC35211541643700BE4FA1 /* PapaTests.octest */ = {isa = PBXFileReference; explicitFileType = wrapper.cfbundle; includeInIndex = 0; path = PapaTests.octest; sourceTree = BUILT_PRODUCTS_DIR; };
		14BC35221541643700BE4FA1 /* SenTestingKit.framework */ = {isa = PBXFileReference; lastKnownFileType = wrapper.framework; name = SenTestingKit.framework; path = Library/Frameworks/SenTestingKit.framework; sourceTree = DEVELOPER_DIR; };
		14BC352A1541643700BE4FA1 /* PapaTests-Info.plist */ = {isa = PBXFileReference; lastKnownFileType = text.plist.xml; path = "PapaTests-Info.plist"; sourceTree = "<group>"; };
		14BC352C1541643700BE4FA1 /* en */ = {isa = PBXFileReference; lastKnownFileType = text.plist.strings; name = en; path = en.lproj/InfoPlist.strings; sourceTree = "<group>"; };
		14BC352E1541643800BE4FA1 /* PapaTests.h */ = {isa = PBXFileReference; lastKnownFileType = sourcecode.c.h; path = PapaTests.h; sourceTree = "<group>"; };
		14BC352F1541643800BE4FA1 /* PapaTests.m */ = {isa = PBXFileReference; lastKnownFileType = sourcecode.c.objc; path = PapaTests.m; sourceTree = "<group>"; };
		14BC357F154170F000BE4FA1 /* main.m */ = {isa = PBXFileReference; fileEncoding = 4; lastKnownFileType = sourcecode.c.objc; path = main.m; sourceTree = "<group>"; };
		14BC3580154170F000BE4FA1 /* Papa-Prefix.pch */ = {isa = PBXFileReference; fileEncoding = 4; lastKnownFileType = sourcecode.c.h; path = "Papa-Prefix.pch"; sourceTree = "<group>"; };
		14BC4EE41541733700BE4FA1 /* PPAppDelegate.h */ = {isa = PBXFileReference; fileEncoding = 4; lastKnownFileType = sourcecode.c.h; path = PPAppDelegate.h; sourceTree = "<group>"; };
		14BC4EE51541733700BE4FA1 /* PPAppDelegate.m */ = {isa = PBXFileReference; fileEncoding = 4; lastKnownFileType = sourcecode.c.objc; path = PPAppDelegate.m; sourceTree = "<group>"; };
		14BC4EE9154173F800BE4FA1 /* PPFirstViewController.h */ = {isa = PBXFileReference; fileEncoding = 4; lastKnownFileType = sourcecode.c.h; path = PPFirstViewController.h; sourceTree = "<group>"; };
		14BC4EEA154173F800BE4FA1 /* PPFirstViewController.m */ = {isa = PBXFileReference; fileEncoding = 4; lastKnownFileType = sourcecode.c.objc; path = PPFirstViewController.m; sourceTree = "<group>"; };
		14BC4EEB154173F800BE4FA1 /* PPSecondViewController.h */ = {isa = PBXFileReference; fileEncoding = 4; lastKnownFileType = sourcecode.c.h; path = PPSecondViewController.h; sourceTree = "<group>"; };
		14BC4EEC154173F800BE4FA1 /* PPSecondViewController.m */ = {isa = PBXFileReference; fileEncoding = 4; lastKnownFileType = sourcecode.c.objc; path = PPSecondViewController.m; sourceTree = "<group>"; };
		14BC4F1B154175A300BE4FA1 /* first.png */ = {isa = PBXFileReference; lastKnownFileType = image.png; path = first.png; sourceTree = "<group>"; };
		14BC4F1C154175A300BE4FA1 /* first@2x.png */ = {isa = PBXFileReference; lastKnownFileType = image.png; path = "first@2x.png"; sourceTree = "<group>"; };
		14BC4F1D154175A300BE4FA1 /* second.png */ = {isa = PBXFileReference; lastKnownFileType = image.png; path = second.png; sourceTree = "<group>"; };
		14BC4F1E154175A300BE4FA1 /* second@2x.png */ = {isa = PBXFileReference; lastKnownFileType = image.png; path = "second@2x.png"; sourceTree = "<group>"; };
		14BC4F1F154175A300BE4FA1 /* Papa-Info.plist */ = {isa = PBXFileReference; fileEncoding = 4; lastKnownFileType = text.plist.xml; path = "Papa-Info.plist"; sourceTree = "<group>"; };
		14BC4F311541777C00BE4FA1 /* PPFirstViewController.xib */ = {isa = PBXFileReference; fileEncoding = 4; lastKnownFileType = file.xib; path = PPFirstViewController.xib; sourceTree = "<group>"; };
		14BC4F321541777C00BE4FA1 /* PPSecondViewController.xib */ = {isa = PBXFileReference; fileEncoding = 4; lastKnownFileType = file.xib; path = PPSecondViewController.xib; sourceTree = "<group>"; };
		14BC4F3C1541779A00BE4FA1 /* en */ = {isa = PBXFileReference; lastKnownFileType = text.plist.strings; name = en; path = en.lproj/File.strings; sourceTree = "<group>"; };
		14BC4F3E154177C300BE4FA1 /* zh-Hans-CN */ = {isa = PBXFileReference; lastKnownFileType = text.plist.strings; name = "zh-Hans-CN"; path = "zh-Hans-CN.lproj/File.strings"; sourceTree = "<group>"; };
		32005DD2DD4BE82AFAA88C80 /* extThree20JSON.xcodeproj */ = {isa = PBXFileReference; lastKnownFileType = "wrapper.pb-project"; name = extThree20JSON.xcodeproj; path = thirdparty/three20/src/extThree20JSON/extThree20JSON.xcodeproj; sourceTree = SOURCE_ROOT; };
		3201088596B4756681693700 /* Three20UICommon.xcodeproj */ = {isa = PBXFileReference; lastKnownFileType = "wrapper.pb-project"; name = Three20UICommon.xcodeproj; path = thirdparty/three20/src/Three20UICommon/Three20UICommon.xcodeproj; sourceTree = SOURCE_ROOT; };
		320A2827FEC940B25BC42C60 /* Three20Core.xcodeproj */ = {isa = PBXFileReference; lastKnownFileType = "wrapper.pb-project"; name = Three20Core.xcodeproj; path = thirdparty/three20/src/Three20Core/Three20Core.xcodeproj; sourceTree = SOURCE_ROOT; };
		320A5A189C235877202780D0 /* Three20Network.xcodeproj */ = {isa = PBXFileReference; lastKnownFileType = "wrapper.pb-project"; name = Three20Network.xcodeproj; path = thirdparty/three20/src/Three20Network/Three20Network.xcodeproj; sourceTree = SOURCE_ROOT; };
		320A737074758E53BA54BE90 /* Three20UINavigator.xcodeproj */ = {isa = PBXFileReference; lastKnownFileType = "wrapper.pb-project"; name = Three20UINavigator.xcodeproj; path = thirdparty/three20/src/Three20UINavigator/Three20UINavigator.xcodeproj; sourceTree = SOURCE_ROOT; };
		320AF8492C47A4D819F7C450 /* QuartzCore.framework */ = {isa = PBXFileReference; lastKnownFileType = wrapper.frameworks; name = QuartzCore.framework; path = System/Library/Frameworks/QuartzCore.framework; sourceTree = SDKROOT; };
		320B6C86F11D9990244A9730 /* Three20.bundle */ = {isa = PBXFileReference; lastKnownFileType = "wrapper.plug-in"; name = Three20.bundle; path = thirdparty/three20/src/Three20.bundle; sourceTree = SOURCE_ROOT; };
		320CC833B8AF0ACFD35E6220 /* Three20Style.xcodeproj */ = {isa = PBXFileReference; lastKnownFileType = "wrapper.pb-project"; name = Three20Style.xcodeproj; path = thirdparty/three20/src/Three20Style/Three20Style.xcodeproj; sourceTree = SOURCE_ROOT; };
		320D7DCCE32703ACAB9A45E0 /* Three20.xcodeproj */ = {isa = PBXFileReference; lastKnownFileType = "wrapper.pb-project"; name = Three20.xcodeproj; path = thirdparty/three20/src/Three20/Three20.xcodeproj; sourceTree = SOURCE_ROOT; };
		320F2C48872C2E2C4DF86200 /* Three20UI.xcodeproj */ = {isa = PBXFileReference; lastKnownFileType = "wrapper.pb-project"; name = Three20UI.xcodeproj; path = thirdparty/three20/src/Three20UI/Three20UI.xcodeproj; sourceTree = SOURCE_ROOT; };
/* End PBXFileReference section */

/* Begin PBXFrameworksBuildPhase section */
		14BC34EF1541643700BE4FA1 /* Frameworks */ = {
			isa = PBXFrameworksBuildPhase;
			buildActionMask = 2147483647;
			files = (
				32005DD2DD4BE82AFAA88C85 /* libextThree20JSON+YAJL.a in Frameworks */,
				3201088596B4756681693705 /* libThree20UICommon.a in Frameworks */,
				320D7DCCE32703ACAB9A45E5 /* libThree20.a in Frameworks */,
				320A737074758E53BA54BE95 /* libThree20UINavigator.a in Frameworks */,
				320A2827FEC940B25BC42C65 /* libThree20Core.a in Frameworks */,
				320F2C48872C2E2C4DF86205 /* libThree20UI.a in Frameworks */,
				320AF8492C47A4D819F7C451 /* QuartzCore.framework in Frameworks */,
				320A5A189C235877202780D5 /* libThree20Network.a in Frameworks */,
				320CC833B8AF0ACFD35E6225 /* libThree20Style.a in Frameworks */,
				14BC34F71541643700BE4FA1 /* UIKit.framework in Frameworks */,
				14BC34F91541643700BE4FA1 /* Foundation.framework in Frameworks */,
				14BC34FB1541643700BE4FA1 /* CoreGraphics.framework in Frameworks */,
			);
			runOnlyForDeploymentPostprocessing = 0;
		};
		14BC351D1541643700BE4FA1 /* Frameworks */ = {
			isa = PBXFrameworksBuildPhase;
			buildActionMask = 2147483647;
			files = (
				14BC35231541643700BE4FA1 /* SenTestingKit.framework in Frameworks */,
				14BC35241541643700BE4FA1 /* UIKit.framework in Frameworks */,
				14BC35251541643700BE4FA1 /* Foundation.framework in Frameworks */,
			);
			runOnlyForDeploymentPostprocessing = 0;
		};
/* End PBXFrameworksBuildPhase section */

/* Begin PBXGroup section */
		14BC34E71541643700BE4FA1 = {
			isa = PBXGroup;
			children = (
				14BC4EE2154171CE00BE4FA1 /* docs */,
				14BC34F51541643700BE4FA1 /* Frameworks */,
				14BC357E154170EF00BE4FA1 /* Papa */,
				14BC35281541643700BE4FA1 /* PapaTests */,
				14BC34F31541643700BE4FA1 /* Products */,
				14BC4EE3154171CE00BE4FA1 /* scripts */,
				14BC4252154171AA00BE4FA1 /* thirdparty */,
			);
			sourceTree = "<group>";
		};
		14BC34F31541643700BE4FA1 /* Products */ = {
			isa = PBXGroup;
			children = (
				14BC34F21541643700BE4FA1 /* Papa.app */,
				14BC35211541643700BE4FA1 /* PapaTests.octest */,
			);
			name = Products;
			sourceTree = "<group>";
		};
		14BC34F51541643700BE4FA1 /* Frameworks */ = {
			isa = PBXGroup;
			children = (
				32005DD2DD4BE82AFAA88C80 /* extThree20JSON.xcodeproj */,
				3201088596B4756681693700 /* Three20UICommon.xcodeproj */,
				320D7DCCE32703ACAB9A45E0 /* Three20.xcodeproj */,
				320A737074758E53BA54BE90 /* Three20UINavigator.xcodeproj */,
				320A2827FEC940B25BC42C60 /* Three20Core.xcodeproj */,
				320F2C48872C2E2C4DF86200 /* Three20UI.xcodeproj */,
				320AF8492C47A4D819F7C450 /* QuartzCore.framework */,
				320A5A189C235877202780D0 /* Three20Network.xcodeproj */,
				320CC833B8AF0ACFD35E6220 /* Three20Style.xcodeproj */,
				14BC34F61541643700BE4FA1 /* UIKit.framework */,
				14BC34F81541643700BE4FA1 /* Foundation.framework */,
				14BC34FA1541643700BE4FA1 /* CoreGraphics.framework */,
				14BC35221541643700BE4FA1 /* SenTestingKit.framework */,
			);
			name = Frameworks;
			sourceTree = "<group>";
		};
		14BC35281541643700BE4FA1 /* PapaTests */ = {
			isa = PBXGroup;
			children = (
				14BC352E1541643800BE4FA1 /* PapaTests.h */,
				14BC352F1541643800BE4FA1 /* PapaTests.m */,
				14BC35291541643700BE4FA1 /* Supporting Files */,
			);
			path = PapaTests;
			sourceTree = "<group>";
		};
		14BC35291541643700BE4FA1 /* Supporting Files */ = {
			isa = PBXGroup;
			children = (
				320B6C86F11D9990244A9730 /* Three20.bundle */,
				14BC352A1541643700BE4FA1 /* PapaTests-Info.plist */,
				14BC352B1541643700BE4FA1 /* InfoPlist.strings */,
			);
			name = "Supporting Files";
			sourceTree = "<group>";
		};
		14BC357E154170EF00BE4FA1 /* Papa */ = {
			isa = PBXGroup;
			children = (
				14BC4F13154175A300BE4FA1 /* resource */,
				14BC357F154170F000BE4FA1 /* main.m */,
				14BC3580154170F000BE4FA1 /* Papa-Prefix.pch */,
				14BC3581154170F000BE4FA1 /* src */,
			);
			path = Papa;
			sourceTree = "<group>";
		};
		14BC3581154170F000BE4FA1 /* src */ = {
			isa = PBXGroup;
			children = (
				14BC4EE8154173F800BE4FA1 /* controller */,
				14BC3582154170F000BE4FA1 /* base */,
				14BC358F154170F000BE4FA1 /* cell */,
				14BC3590154170F000BE4FA1 /* config */,
				14BC359B154170F000BE4FA1 /* css */,
				14BC359C154170F000BE4FA1 /* data */,
				14BC35A1154170F000BE4FA1 /* datasource */,
				14BC35A2154170F000BE4FA1 /* delegate */,
				14BC35A5154170F000BE4FA1 /* item */,
				14BC35A6154170F000BE4FA1 /* model */,
				14BC35A7154170F000BE4FA1 /* request */,
				14BC35AA154170F000BE4FA1 /* toolbox */,
				14BC35AB154170F000BE4FA1 /* utility */,
			);
			path = src;
			sourceTree = "<group>";
		};
		14BC3582154170F000BE4FA1 /* base */ = {
			isa = PBXGroup;
			children = (
				14BC3583154170F000BE4FA1 /* model */,
				14BC3588154170F000BE4FA1 /* request */,
			);
			path = base;
			sourceTree = "<group>";
		};
		14BC3583154170F000BE4FA1 /* model */ = {
			isa = PBXGroup;
			children = (
			);
			path = model;
			sourceTree = "<group>";
		};
		14BC3588154170F000BE4FA1 /* request */ = {
			isa = PBXGroup;
			children = (
			);
			path = request;
			sourceTree = "<group>";
		};
		14BC358F154170F000BE4FA1 /* cell */ = {
			isa = PBXGroup;
			children = (
			);
			path = cell;
			sourceTree = "<group>";
		};
		14BC3590154170F000BE4FA1 /* config */ = {
			isa = PBXGroup;
			children = (
			);
			path = config;
			sourceTree = "<group>";
		};
		14BC359B154170F000BE4FA1 /* css */ = {
			isa = PBXGroup;
			children = (
			);
			path = css;
			sourceTree = "<group>";
		};
		14BC359C154170F000BE4FA1 /* data */ = {
			isa = PBXGroup;
			children = (
			);
			path = data;
			sourceTree = "<group>";
		};
		14BC35A1154170F000BE4FA1 /* datasource */ = {
			isa = PBXGroup;
			children = (
			);
			path = datasource;
			sourceTree = "<group>";
		};
		14BC35A2154170F000BE4FA1 /* delegate */ = {
			isa = PBXGroup;
			children = (
				14BC4EE41541733700BE4FA1 /* PPAppDelegate.h */,
				14BC4EE51541733700BE4FA1 /* PPAppDelegate.m */,
			);
			path = delegate;
			sourceTree = "<group>";
		};
		14BC35A5154170F000BE4FA1 /* item */ = {
			isa = PBXGroup;
			children = (
			);
			path = item;
			sourceTree = "<group>";
		};
		14BC35A6154170F000BE4FA1 /* model */ = {
			isa = PBXGroup;
			children = (
			);
			path = model;
			sourceTree = "<group>";
		};
		14BC35A7154170F000BE4FA1 /* request */ = {
			isa = PBXGroup;
			children = (
			);
			path = request;
			sourceTree = "<group>";
		};
		14BC35AA154170F000BE4FA1 /* toolbox */ = {
			isa = PBXGroup;
			children = (
			);
			path = toolbox;
			sourceTree = "<group>";
		};
		14BC35AB154170F000BE4FA1 /* utility */ = {
			isa = PBXGroup;
			children = (
			);
			path = utility;
			sourceTree = "<group>";
		};
		14BC4252154171AA00BE4FA1 /* thirdparty */ = {
			isa = PBXGroup;
			children = (
			);
			path = thirdparty;
			sourceTree = "<group>";
		};
		14BC4EE2154171CE00BE4FA1 /* docs */ = {
			isa = PBXGroup;
			children = (
			);
			path = docs;
			sourceTree = "<group>";
		};
		14BC4EE3154171CE00BE4FA1 /* scripts */ = {
			isa = PBXGroup;
			children = (
			);
			path = scripts;
			sourceTree = "<group>";
		};
		14BC4EE8154173F800BE4FA1 /* controller */ = {
			isa = PBXGroup;
			children = (
				14BC4EE9154173F800BE4FA1 /* PPFirstViewController.h */,
				14BC4EEA154173F800BE4FA1 /* PPFirstViewController.m */,
				14BC4EEB154173F800BE4FA1 /* PPSecondViewController.h */,
				14BC4EEC154173F800BE4FA1 /* PPSecondViewController.m */,
			);
			path = controller;
			sourceTree = "<group>";
		};
		14BC4F13154175A300BE4FA1 /* resource */ = {
			isa = PBXGroup;
			children = (
				14BC4F301541777C00BE4FA1 /* nib */,
				14BC4F1A154175A300BE4FA1 /* images */,
				14BC4F1F154175A300BE4FA1 /* Papa-Info.plist */,
				14BC4F3D1541779A00BE4FA1 /* File.strings */,
			);
			path = resource;
			sourceTree = "<group>";
		};
		14BC4F1A154175A300BE4FA1 /* images */ = {
			isa = PBXGroup;
			children = (
				14BC4F1B154175A300BE4FA1 /* first.png */,
				14BC4F1C154175A300BE4FA1 /* first@2x.png */,
				14BC4F1D154175A300BE4FA1 /* second.png */,
				14BC4F1E154175A300BE4FA1 /* second@2x.png */,
			);
			path = images;
			sourceTree = "<group>";
		};
		14BC4F301541777C00BE4FA1 /* nib */ = {
			isa = PBXGroup;
			children = (
				14BC4F311541777C00BE4FA1 /* PPFirstViewController.xib */,
				14BC4F321541777C00BE4FA1 /* PPSecondViewController.xib */,
			);
			path = nib;
			sourceTree = "<group>";
		};
		32005DD2DD4BE82AFAA88C83 /* Products */ = {
			isa = PBXGroup;
			children = (
				14EF3CE41541860C006B3ADC /* libextThree20JSON+SBJSON.a */,
				32005DD2DD4BE82AFAA88C84 /* libextThree20JSON+YAJL.a */,
				14EF3CE61541860C006B3ADC /* extJSONUnitTests+SBJSON.octest */,
			);
			name = Products;
			sourceTree = "<group>";
		};
		3201088596B4756681693703 /* Products */ = {
			isa = PBXGroup;
			children = (
				3201088596B4756681693704 /* libThree20UICommon.a */,
				14EF3CF81541860C006B3ADC /* UICommonUnitTests.octest */,
			);
			name = Products;
			sourceTree = "<group>";
		};
		320A2827FEC940B25BC42C63 /* Products */ = {
			isa = PBXGroup;
			children = (
				320A2827FEC940B25BC42C64 /* libThree20Core.a */,
				14EF3CEC1541860C006B3ADC /* CoreUnitTests.octest */,
			);
			name = Products;
			sourceTree = "<group>";
		};
		320A5A189C235877202780D3 /* Products */ = {
			isa = PBXGroup;
			children = (
				320A5A189C235877202780D4 /* libThree20Network.a */,
				14EF3CEF1541860C006B3ADC /* NetworkUnitTests.octest */,
			);
			name = Products;
			sourceTree = "<group>";
		};
		320A737074758E53BA54BE93 /* Products */ = {
			isa = PBXGroup;
			children = (
				320A737074758E53BA54BE94 /* libThree20UINavigator.a */,
				14EF3CFB1541860C006B3ADC /* UINavigatorUnitTests.octest */,
			);
			name = Products;
			sourceTree = "<group>";
		};
		320CC833B8AF0ACFD35E6223 /* Products */ = {
			isa = PBXGroup;
			children = (
				320CC833B8AF0ACFD35E6224 /* libThree20Style.a */,
				14EF3CF21541860C006B3ADC /* StyleUnitTests.octest */,
			);
			name = Products;
			sourceTree = "<group>";
		};
		320D7DCCE32703ACAB9A45E3 /* Products */ = {
			isa = PBXGroup;
			children = (
				320D7DCCE32703ACAB9A45E4 /* libThree20.a */,
				14EF3CE91541860C006B3ADC /* Three20UnitTests.octest */,
			);
			name = Products;
			sourceTree = "<group>";
		};
		320F2C48872C2E2C4DF86203 /* Products */ = {
			isa = PBXGroup;
			children = (
				320F2C48872C2E2C4DF86204 /* libThree20UI.a */,
				14EF3CF51541860C006B3ADC /* UIUnitTests.octest */,
			);
			name = Products;
			sourceTree = "<group>";
		};
/* End PBXGroup section */

/* Begin PBXNativeTarget section */
		14BC34F11541643700BE4FA1 /* Papa */ = {
			isa = PBXNativeTarget;
			buildConfigurationList = 14BC35331541643800BE4FA1 /* Build configuration list for PBXNativeTarget "Papa" */;
			buildPhases = (
				14BC34EE1541643700BE4FA1 /* Sources */,
				14BC34EF1541643700BE4FA1 /* Frameworks */,
				14BC34F01541643700BE4FA1 /* Resources */,
			);
			buildRules = (
			);
			dependencies = (
				32005DD2DD4BE82AFAA88C81 /* PBXTargetDependency */,
				3201088596B4756681693701 /* PBXTargetDependency */,
				320D7DCCE32703ACAB9A45E1 /* PBXTargetDependency */,
				320A737074758E53BA54BE91 /* PBXTargetDependency */,
				320A2827FEC940B25BC42C61 /* PBXTargetDependency */,
				320F2C48872C2E2C4DF86201 /* PBXTargetDependency */,
				320A5A189C235877202780D1 /* PBXTargetDependency */,
				320CC833B8AF0ACFD35E6221 /* PBXTargetDependency */,
			);
			name = Papa;
			productName = Papa;
			productReference = 14BC34F21541643700BE4FA1 /* Papa.app */;
			productType = "com.apple.product-type.application";
		};
		14BC35201541643700BE4FA1 /* PapaTests */ = {
			isa = PBXNativeTarget;
			buildConfigurationList = 14BC35361541643800BE4FA1 /* Build configuration list for PBXNativeTarget "PapaTests" */;
			buildPhases = (
				14BC351C1541643700BE4FA1 /* Sources */,
				14BC351D1541643700BE4FA1 /* Frameworks */,
				14BC351E1541643700BE4FA1 /* Resources */,
				14BC351F1541643700BE4FA1 /* ShellScript */,
			);
			buildRules = (
			);
			dependencies = (
				14BC35271541643700BE4FA1 /* PBXTargetDependency */,
			);
			name = PapaTests;
			productName = PapaTests;
			productReference = 14BC35211541643700BE4FA1 /* PapaTests.octest */;
			productType = "com.apple.product-type.bundle";
		};
/* End PBXNativeTarget section */

/* Begin PBXProject section */
		14BC34E91541643700BE4FA1 /* Project object */ = {
			isa = PBXProject;
			attributes = {
				CLASSPREFIX = PP;
				LastUpgradeCheck = 0430;
				ORGANIZATIONNAME = Youdao;
			};
			buildConfigurationList = 14BC34EC1541643700BE4FA1 /* Build configuration list for PBXProject "Papa" */;
			compatibilityVersion = "Xcode 3.2";
			developmentRegion = English;
			hasScannedForEncodings = 0;
			knownRegions = (
				en,
				"zh-Hans-CN",
			);
			mainGroup = 14BC34E71541643700BE4FA1;
			productRefGroup = 14BC34F31541643700BE4FA1 /* Products */;
			projectDirPath = "";
			projectReferences = (
				{
					ProductGroup = 32005DD2DD4BE82AFAA88C83 /* Products */;
					ProjectRef = 32005DD2DD4BE82AFAA88C80 /* extThree20JSON.xcodeproj */;
				},
				{
					ProductGroup = 320D7DCCE32703ACAB9A45E3 /* Products */;
					ProjectRef = 320D7DCCE32703ACAB9A45E0 /* Three20.xcodeproj */;
				},
				{
					ProductGroup = 320A2827FEC940B25BC42C63 /* Products */;
					ProjectRef = 320A2827FEC940B25BC42C60 /* Three20Core.xcodeproj */;
				},
				{
					ProductGroup = 320A5A189C235877202780D3 /* Products */;
					ProjectRef = 320A5A189C235877202780D0 /* Three20Network.xcodeproj */;
				},
				{
					ProductGroup = 320CC833B8AF0ACFD35E6223 /* Products */;
					ProjectRef = 320CC833B8AF0ACFD35E6220 /* Three20Style.xcodeproj */;
				},
				{
					ProductGroup = 320F2C48872C2E2C4DF86203 /* Products */;
					ProjectRef = 320F2C48872C2E2C4DF86200 /* Three20UI.xcodeproj */;
				},
				{
					ProductGroup = 3201088596B4756681693703 /* Products */;
					ProjectRef = 3201088596B4756681693700 /* Three20UICommon.xcodeproj */;
				},
				{
					ProductGroup = 320A737074758E53BA54BE93 /* Products */;
					ProjectRef = 320A737074758E53BA54BE90 /* Three20UINavigator.xcodeproj */;
				},
			);
			projectRoot = "";
			targets = (
				14BC34F11541643700BE4FA1 /* Papa */,
				14BC35201541643700BE4FA1 /* PapaTests */,
			);
		};
/* End PBXProject section */

/* Begin PBXReferenceProxy section */
		14EF3CE41541860C006B3ADC /* libextThree20JSON+SBJSON.a */ = {
			isa = PBXReferenceProxy;
			fileType = archive.ar;
			path = "libextThree20JSON+SBJSON.a";
			remoteRef = 14EF3CE31541860C006B3ADC /* PBXContainerItemProxy */;
			sourceTree = BUILT_PRODUCTS_DIR;
		};
		14EF3CE61541860C006B3ADC /* extJSONUnitTests+SBJSON.octest */ = {
			isa = PBXReferenceProxy;
			fileType = wrapper.cfbundle;
			path = "extJSONUnitTests+SBJSON.octest";
			remoteRef = 14EF3CE51541860C006B3ADC /* PBXContainerItemProxy */;
			sourceTree = BUILT_PRODUCTS_DIR;
		};
		14EF3CE91541860C006B3ADC /* Three20UnitTests.octest */ = {
			isa = PBXReferenceProxy;
			fileType = wrapper.cfbundle;
			path = Three20UnitTests.octest;
			remoteRef = 14EF3CE81541860C006B3ADC /* PBXContainerItemProxy */;
			sourceTree = BUILT_PRODUCTS_DIR;
		};
		14EF3CEC1541860C006B3ADC /* CoreUnitTests.octest */ = {
			isa = PBXReferenceProxy;
			fileType = wrapper.cfbundle;
			path = CoreUnitTests.octest;
			remoteRef = 14EF3CEB1541860C006B3ADC /* PBXContainerItemProxy */;
			sourceTree = BUILT_PRODUCTS_DIR;
		};
		14EF3CEF1541860C006B3ADC /* NetworkUnitTests.octest */ = {
			isa = PBXReferenceProxy;
			fileType = wrapper.cfbundle;
			path = NetworkUnitTests.octest;
			remoteRef = 14EF3CEE1541860C006B3ADC /* PBXContainerItemProxy */;
			sourceTree = BUILT_PRODUCTS_DIR;
		};
		14EF3CF21541860C006B3ADC /* StyleUnitTests.octest */ = {
			isa = PBXReferenceProxy;
			fileType = wrapper.cfbundle;
			path = StyleUnitTests.octest;
			remoteRef = 14EF3CF11541860C006B3ADC /* PBXContainerItemProxy */;
			sourceTree = BUILT_PRODUCTS_DIR;
		};
		14EF3CF51541860C006B3ADC /* UIUnitTests.octest */ = {
			isa = PBXReferenceProxy;
			fileType = wrapper.cfbundle;
			path = UIUnitTests.octest;
			remoteRef = 14EF3CF41541860C006B3ADC /* PBXContainerItemProxy */;
			sourceTree = BUILT_PRODUCTS_DIR;
		};
		14EF3CF81541860C006B3ADC /* UICommonUnitTests.octest */ = {
			isa = PBXReferenceProxy;
			fileType = wrapper.cfbundle;
			path = UICommonUnitTests.octest;
			remoteRef = 14EF3CF71541860C006B3ADC /* PBXContainerItemProxy */;
			sourceTree = BUILT_PRODUCTS_DIR;
		};
		14EF3CFB1541860C006B3ADC /* UINavigatorUnitTests.octest */ = {
			isa = PBXReferenceProxy;
			fileType = wrapper.cfbundle;
			path = UINavigatorUnitTests.octest;
			remoteRef = 14EF3CFA1541860C006B3ADC /* PBXContainerItemProxy */;
			sourceTree = BUILT_PRODUCTS_DIR;
		};
		32005DD2DD4BE82AFAA88C84 /* libextThree20JSON+YAJL.a */ = {
			isa = PBXReferenceProxy;
			fileType = archive.ar;
			path = "libextThree20JSON+YAJL.a";
			remoteRef = 32005DD2DD4BE82AFAA88C86 /* PBXContainerItemProxy */;
			sourceTree = BUILT_PRODUCTS_DIR;
		};
		3201088596B4756681693704 /* libThree20UICommon.a */ = {
			isa = PBXReferenceProxy;
			fileType = archive.ar;
			path = libThree20UICommon.a;
			remoteRef = 3201088596B4756681693706 /* PBXContainerItemProxy */;
			sourceTree = BUILT_PRODUCTS_DIR;
		};
		320A2827FEC940B25BC42C64 /* libThree20Core.a */ = {
			isa = PBXReferenceProxy;
			fileType = archive.ar;
			path = libThree20Core.a;
			remoteRef = 320A2827FEC940B25BC42C66 /* PBXContainerItemProxy */;
			sourceTree = BUILT_PRODUCTS_DIR;
		};
		320A5A189C235877202780D4 /* libThree20Network.a */ = {
			isa = PBXReferenceProxy;
			fileType = archive.ar;
			path = libThree20Network.a;
			remoteRef = 320A5A189C235877202780D6 /* PBXContainerItemProxy */;
			sourceTree = BUILT_PRODUCTS_DIR;
		};
		320A737074758E53BA54BE94 /* libThree20UINavigator.a */ = {
			isa = PBXReferenceProxy;
			fileType = archive.ar;
			path = libThree20UINavigator.a;
			remoteRef = 320A737074758E53BA54BE96 /* PBXContainerItemProxy */;
			sourceTree = BUILT_PRODUCTS_DIR;
		};
		320CC833B8AF0ACFD35E6224 /* libThree20Style.a */ = {
			isa = PBXReferenceProxy;
			fileType = archive.ar;
			path = libThree20Style.a;
			remoteRef = 320CC833B8AF0ACFD35E6226 /* PBXContainerItemProxy */;
			sourceTree = BUILT_PRODUCTS_DIR;
		};
		320D7DCCE32703ACAB9A45E4 /* libThree20.a */ = {
			isa = PBXReferenceProxy;
			fileType = archive.ar;
			path = libThree20.a;
			remoteRef = 320D7DCCE32703ACAB9A45E6 /* PBXContainerItemProxy */;
			sourceTree = BUILT_PRODUCTS_DIR;
		};
		320F2C48872C2E2C4DF86204 /* libThree20UI.a */ = {
			isa = PBXReferenceProxy;
			fileType = archive.ar;
			path = libThree20UI.a;
			remoteRef = 320F2C48872C2E2C4DF86206 /* PBXContainerItemProxy */;
			sourceTree = BUILT_PRODUCTS_DIR;
		};
/* End PBXReferenceProxy section */

/* Begin PBXResourcesBuildPhase section */
		14BC34F01541643700BE4FA1 /* Resources */ = {
			isa = PBXResourcesBuildPhase;
			buildActionMask = 2147483647;
			files = (
				320B6C86F11D9990244A9731 /* Three20.bundle in Resources */,
				14BC4F26154175A300BE4FA1 /* first.png in Resources */,
				14BC4F28154175A300BE4FA1 /* first@2x.png in Resources */,
				14BC4F2A154175A300BE4FA1 /* second.png in Resources */,
				14BC4F2C154175A300BE4FA1 /* second@2x.png in Resources */,
				14BC4F2E154175A300BE4FA1 /* Papa-Info.plist in Resources */,
				14BC4F331541777C00BE4FA1 /* PPFirstViewController.xib in Resources */,
				14BC4F351541777C00BE4FA1 /* PPSecondViewController.xib in Resources */,
				14BC4F3A1541779A00BE4FA1 /* File.strings in Resources */,
			);
			runOnlyForDeploymentPostprocessing = 0;
		};
		14BC351E1541643700BE4FA1 /* Resources */ = {
			isa = PBXResourcesBuildPhase;
			buildActionMask = 2147483647;
			files = (
				14BC352D1541643700BE4FA1 /* InfoPlist.strings in Resources */,
				14BC4F27154175A300BE4FA1 /* first.png in Resources */,
				14BC4F29154175A300BE4FA1 /* first@2x.png in Resources */,
				14BC4F2B154175A300BE4FA1 /* second.png in Resources */,
				14BC4F2D154175A300BE4FA1 /* second@2x.png in Resources */,
				14BC4F2F154175A300BE4FA1 /* Papa-Info.plist in Resources */,
				14BC4F341541777C00BE4FA1 /* PPFirstViewController.xib in Resources */,
				14BC4F361541777C00BE4FA1 /* PPSecondViewController.xib in Resources */,
				14BC4F3B1541779A00BE4FA1 /* File.strings in Resources */,
			);
			runOnlyForDeploymentPostprocessing = 0;
		};
/* End PBXResourcesBuildPhase section */

/* Begin PBXShellScriptBuildPhase section */
		14BC351F1541643700BE4FA1 /* ShellScript */ = {
			isa = PBXShellScriptBuildPhase;
			buildActionMask = 2147483647;
			files = (
			);
			inputPaths = (
			);
			outputPaths = (
			);
			runOnlyForDeploymentPostprocessing = 0;
			shellPath = /bin/sh;
			shellScript = "# Run the unit tests in this test bundle.\n\"${SYSTEM_DEVELOPER_DIR}/Tools/RunUnitTests\"\n";
		};
/* End PBXShellScriptBuildPhase section */

/* Begin PBXSourcesBuildPhase section */
		14BC34EE1541643700BE4FA1 /* Sources */ = {
			isa = PBXSourcesBuildPhase;
			buildActionMask = 2147483647;
			files = (
				14BC35AC154170F000BE4FA1 /* main.m in Sources */,
				14BC4EE61541733700BE4FA1 /* PPAppDelegate.m in Sources */,
				14BC4EED154173F800BE4FA1 /* PPFirstViewController.m in Sources */,
				14BC4EEF154173F800BE4FA1 /* PPSecondViewController.m in Sources */,
			);
			runOnlyForDeploymentPostprocessing = 0;
		};
		14BC351C1541643700BE4FA1 /* Sources */ = {
			isa = PBXSourcesBuildPhase;
			buildActionMask = 2147483647;
			files = (
				14BC35301541643800BE4FA1 /* PapaTests.m in Sources */,
				14BC35AD154170F000BE4FA1 /* main.m in Sources */,
				14BC4EE71541733700BE4FA1 /* PPAppDelegate.m in Sources */,
				14BC4EEE154173F800BE4FA1 /* PPFirstViewController.m in Sources */,
				14BC4EF0154173F800BE4FA1 /* PPSecondViewController.m in Sources */,
			);
			runOnlyForDeploymentPostprocessing = 0;
		};
/* End PBXSourcesBuildPhase section */

/* Begin PBXTargetDependency section */
		14BC35271541643700BE4FA1 /* PBXTargetDependency */ = {
			isa = PBXTargetDependency;
			target = 14BC34F11541643700BE4FA1 /* Papa */;
			targetProxy = 14BC35261541643700BE4FA1 /* PBXContainerItemProxy */;
		};
		32005DD2DD4BE82AFAA88C81 /* PBXTargetDependency */ = {
			isa = PBXTargetDependency;
			name = extThree20JSON;
			targetProxy = 32005DD2DD4BE82AFAA88C82 /* PBXContainerItemProxy */;
		};
		3201088596B4756681693701 /* PBXTargetDependency */ = {
			isa = PBXTargetDependency;
			name = Three20UICommon;
			targetProxy = 3201088596B4756681693702 /* PBXContainerItemProxy */;
		};
		320A2827FEC940B25BC42C61 /* PBXTargetDependency */ = {
			isa = PBXTargetDependency;
			name = Three20Core;
			targetProxy = 320A2827FEC940B25BC42C62 /* PBXContainerItemProxy */;
		};
		320A5A189C235877202780D1 /* PBXTargetDependency */ = {
			isa = PBXTargetDependency;
			name = Three20Network;
			targetProxy = 320A5A189C235877202780D2 /* PBXContainerItemProxy */;
		};
		320A737074758E53BA54BE91 /* PBXTargetDependency */ = {
			isa = PBXTargetDependency;
			name = Three20UINavigator;
			targetProxy = 320A737074758E53BA54BE92 /* PBXContainerItemProxy */;
		};
		320CC833B8AF0ACFD35E6221 /* PBXTargetDependency */ = {
			isa = PBXTargetDependency;
			name = Three20Style;
			targetProxy = 320CC833B8AF0ACFD35E6222 /* PBXContainerItemProxy */;
		};
		320D7DCCE32703ACAB9A45E1 /* PBXTargetDependency */ = {
			isa = PBXTargetDependency;
			name = Three20;
			targetProxy = 320D7DCCE32703ACAB9A45E2 /* PBXContainerItemProxy */;
		};
		320F2C48872C2E2C4DF86201 /* PBXTargetDependency */ = {
			isa = PBXTargetDependency;
			name = Three20UI;
			targetProxy = 320F2C48872C2E2C4DF86202 /* PBXContainerItemProxy */;
		};
/* End PBXTargetDependency section */

/* Begin PBXVariantGroup section */
		14BC352B1541643700BE4FA1 /* InfoPlist.strings */ = {
			isa = PBXVariantGroup;
			children = (
				14BC352C1541643700BE4FA1 /* en */,
			);
			name = InfoPlist.strings;
			sourceTree = "<group>";
		};
		14BC4F3D1541779A00BE4FA1 /* File.strings */ = {
			isa = PBXVariantGroup;
			children = (
				14BC4F3C1541779A00BE4FA1 /* en */,
				14BC4F3E154177C300BE4FA1 /* zh-Hans-CN */,
			);
			name = File.strings;
			sourceTree = "<group>";
		};
/* End PBXVariantGroup section */

/* Begin XCBuildConfiguration section */
		14BC35311541643800BE4FA1 /* Debug */ = {
			isa = XCBuildConfiguration;
			buildSettings = {
				ALWAYS_SEARCH_USER_PATHS = NO;
				ARCHS = "$(ARCHS_STANDARD_32_BIT)";
				CLANG_ENABLE_OBJC_ARC = YES;
				"CODE_SIGN_IDENTITY[sdk=iphoneos*]" = "iPhone Developer";
				COPY_PHASE_STRIP = NO;
				GCC_C_LANGUAGE_STANDARD = gnu99;
				GCC_DYNAMIC_NO_PIC = NO;
				GCC_OPTIMIZATION_LEVEL = 0;
				GCC_PREPROCESSOR_DEFINITIONS = (
					"DEBUG=1",
					"$(inherited)",
				);
				GCC_SYMBOLS_PRIVATE_EXTERN = NO;
				GCC_VERSION = com.apple.compilers.llvm.clang.1_0;
				GCC_WARN_ABOUT_RETURN_TYPE = YES;
				GCC_WARN_UNINITIALIZED_AUTOS = YES;
				GCC_WARN_UNUSED_VARIABLE = YES;
				HEADER_SEARCH_PATHS = (
					"$(BUILT_PRODUCTS_DIR)/../three20",
					"$(BUILT_PRODUCTS_DIR)/../../three20",
					thirdparty/three20/Build/Products/three20,
				);
				IPHONEOS_DEPLOYMENT_TARGET = 5.1;
				OTHER_LDFLAGS = "-ObjC";
				SDKROOT = iphoneos;
			};
			name = Debug;
		};
		14BC35321541643800BE4FA1 /* Release */ = {
			isa = XCBuildConfiguration;
			buildSettings = {
				ALWAYS_SEARCH_USER_PATHS = NO;
				ARCHS = "$(ARCHS_STANDARD_32_BIT)";
				CLANG_ENABLE_OBJC_ARC = YES;
				"CODE_SIGN_IDENTITY[sdk=iphoneos*]" = "iPhone Developer";
				COPY_PHASE_STRIP = YES;
				GCC_C_LANGUAGE_STANDARD = gnu99;
				GCC_VERSION = com.apple.compilers.llvm.clang.1_0;
				GCC_WARN_ABOUT_RETURN_TYPE = YES;
				GCC_WARN_UNINITIALIZED_AUTOS = YES;
				GCC_WARN_UNUSED_VARIABLE = YES;
				HEADER_SEARCH_PATHS = (
					"$(BUILT_PRODUCTS_DIR)/../three20",
					"$(BUILT_PRODUCTS_DIR)/../../three20",
					thirdparty/three20/Build/Products/three20,
				);
				IPHONEOS_DEPLOYMENT_TARGET = 5.1;
				OTHER_CFLAGS = "-DNS_BLOCK_ASSERTIONS=1";
				OTHER_LDFLAGS = "-ObjC";
				SDKROOT = iphoneos;
				VALIDATE_PRODUCT = YES;
			};
			name = Release;
		};
		14BC35341541643800BE4FA1 /* Debug */ = {
			isa = XCBuildConfiguration;
			buildSettings = {
				GCC_PRECOMPILE_PREFIX_HEADER = YES;
				GCC_PREFIX_HEADER = "Papa/Papa-Prefix.pch";
				INFOPLIST_FILE = "Papa/resource/Papa-Info.plist";
				PRODUCT_NAME = "$(TARGET_NAME)";
				WRAPPER_EXTENSION = app;
			};
			name = Debug;
		};
		14BC35351541643800BE4FA1 /* Release */ = {
			isa = XCBuildConfiguration;
			buildSettings = {
				GCC_PRECOMPILE_PREFIX_HEADER = YES;
				GCC_PREFIX_HEADER = "Papa/Papa-Prefix.pch";
				INFOPLIST_FILE = "Papa/resource/Papa-Info.plist";
				PRODUCT_NAME = "$(TARGET_NAME)";
				WRAPPER_EXTENSION = app;
			};
			name = Release;
		};
		14BC35371541643800BE4FA1 /* Debug */ = {
			isa = XCBuildConfiguration;
			buildSettings = {
				BUNDLE_LOADER = "$(BUILT_PRODUCTS_DIR)/Papa.app/Papa";
				FRAMEWORK_SEARCH_PATHS = (
					"$(SDKROOT)/Developer/Library/Frameworks",
					"$(DEVELOPER_LIBRARY_DIR)/Frameworks",
				);
				GCC_PRECOMPILE_PREFIX_HEADER = YES;
				GCC_PREFIX_HEADER = "Papa/Papa-Prefix.pch";
				INFOPLIST_FILE = "PapaTests/PapaTests-Info.plist";
				PRODUCT_NAME = "$(TARGET_NAME)";
				TEST_HOST = "$(BUNDLE_LOADER)";
				WRAPPER_EXTENSION = octest;
			};
			name = Debug;
		};
		14BC35381541643800BE4FA1 /* Release */ = {
			isa = XCBuildConfiguration;
			buildSettings = {
				BUNDLE_LOADER = "$(BUILT_PRODUCTS_DIR)/Papa.app/Papa";
				FRAMEWORK_SEARCH_PATHS = (
					"$(SDKROOT)/Developer/Library/Frameworks",
					"$(DEVELOPER_LIBRARY_DIR)/Frameworks",
				);
				GCC_PRECOMPILE_PREFIX_HEADER = YES;
				GCC_PREFIX_HEADER = "Papa/Papa-Prefix.pch";
				INFOPLIST_FILE = "PapaTests/PapaTests-Info.plist";
				PRODUCT_NAME = "$(TARGET_NAME)";
				TEST_HOST = "$(BUNDLE_LOADER)";
				WRAPPER_EXTENSION = octest;
			};
			name = Release;
		};
/* End XCBuildConfiguration section */

/* Begin XCConfigurationList section */
		14BC34EC1541643700BE4FA1 /* Build configuration list for PBXProject "Papa" */ = {
			isa = XCConfigurationList;
			buildConfigurations = (
				14BC35311541643800BE4FA1 /* Debug */,
				14BC35321541643800BE4FA1 /* Release */,
			);
			defaultConfigurationIsVisible = 0;
			defaultConfigurationName = Release;
		};
		14BC35331541643800BE4FA1 /* Build configuration list for PBXNativeTarget "Papa" */ = {
			isa = XCConfigurationList;
			buildConfigurations = (
				14BC35341541643800BE4FA1 /* Debug */,
				14BC35351541643800BE4FA1 /* Release */,
			);
			defaultConfigurationIsVisible = 0;
			defaultConfigurationName = Release;
		};
		14BC35361541643800BE4FA1 /* Build configuration list for PBXNativeTarget "PapaTests" */ = {
			isa = XCConfigurationList;
			buildConfigurations = (
				14BC35371541643800BE4FA1 /* Debug */,
				14BC35381541643800BE4FA1 /* Release */,
			);
			defaultConfigurationIsVisible = 0;
			defaultConfigurationName = Release;
		};
/* End XCConfigurationList section */
	};
	rootObject = 14BC34E91541643700BE4FA1 /* Project object */;
}
